// !$*UTF8*$!
{
	archiveVersion = 1;
	classes = {
	};
	objectVersion = 50;
	objects = {

/* Begin PBXBuildFile section */
		6328CD9122051AC50038ECAC /* AuthVC.swift in Sources */ = {isa = PBXBuildFile; fileRef = 6328CD9022051AC50038ECAC /* AuthVC.swift */; };
		6328CD9322051BB30038ECAC /* LoginVC.swift in Sources */ = {isa = PBXBuildFile; fileRef = 6328CD9222051BB30038ECAC /* LoginVC.swift */; };
		6328CD9522051C7F0038ECAC /* InsetTextField.swift in Sources */ = {isa = PBXBuildFile; fileRef = 6328CD9422051C7F0038ECAC /* InsetTextField.swift */; };
		6328CD972205A3480038ECAC /* ShadowView.swift in Sources */ = {isa = PBXBuildFile; fileRef = 6328CD962205A3480038ECAC /* ShadowView.swift */; };
		6328CD9B2206642E0038ECAC /* AuthService.swift in Sources */ = {isa = PBXBuildFile; fileRef = 6328CD9A220664240038ECAC /* AuthService.swift */; };
		637A5D84220E7DE000D2A03B /* UIViewControllerExt.swift in Sources */ = {isa = PBXBuildFile; fileRef = 637A5D83220E7DDF00D2A03B /* UIViewControllerExt.swift */; };
		9978B4963FD2E43EEB0DDF0F /* Pods_breakpoint.framework in Frameworks */ = {isa = PBXBuildFile; fileRef = 6239557B0D2E84976E6589BA /* Pods_breakpoint.framework */; };
		E934A595220CA8AE00939630 /* GroupCell.swift in Sources */ = {isa = PBXBuildFile; fileRef = E934A594220CA8AE00939630 /* GroupCell.swift */; };
		E934A597220CB1C700939630 /* Group.swift in Sources */ = {isa = PBXBuildFile; fileRef = E934A596220CB1C700939630 /* Group.swift */; };
		E97637EC2228A905006D461A /* Links in Resources */ = {isa = PBXBuildFile; fileRef = E97637EB2228A905006D461A /* Links */; };
		E97637EE2228A943006D461A /* iOS_roadmap_2018.png in Resources */ = {isa = PBXBuildFile; fileRef = E97637ED2228A942006D461A /* iOS_roadmap_2018.png */; };
		E976C82D220DBC1B0027765F /* GroupFeedCell.swift in Sources */ = {isa = PBXBuildFile; fileRef = E976C82C220DBC1B0027765F /* GroupFeedCell.swift */; };
		E976C82F220DBCE60027765F /* GroupFeedVC.swift in Sources */ = {isa = PBXBuildFile; fileRef = E976C82E220DBCE60027765F /* GroupFeedVC.swift */; };
		E97789A0220B44EE007565A7 /* CreateGroupVC.swift in Sources */ = {isa = PBXBuildFile; fileRef = E977899F220B44EE007565A7 /* CreateGroupVC.swift */; };
		E97789A2220B6825007565A7 /* UserCell.swift in Sources */ = {isa = PBXBuildFile; fileRef = E97789A1220B6825007565A7 /* UserCell.swift */; };
		E97D64FD2209BE7C00AD8F7A /* UIViewExt.swift in Sources */ = {isa = PBXBuildFile; fileRef = E97D64FC2209BE7C00AD8F7A /* UIViewExt.swift */; };
		E97D64FF2209E61400AD8F7A /* FeedCell.swift in Sources */ = {isa = PBXBuildFile; fileRef = E97D64FE2209E61400AD8F7A /* FeedCell.swift */; };
		E97D65012209E95600AD8F7A /* Message.swift in Sources */ = {isa = PBXBuildFile; fileRef = E97D65002209E95600AD8F7A /* Message.swift */; };
		E99E9D362208A5BC00B618D6 /* MeVC.swift in Sources */ = {isa = PBXBuildFile; fileRef = E99E9D352208A5BC00B618D6 /* MeVC.swift */; };
		E99E9D382208CA2400B618D6 /* CreatePostVC.swift in Sources */ = {isa = PBXBuildFile; fileRef = E99E9D372208CA2400B618D6 /* CreatePostVC.swift */; };
		E9D0F4642204A2A1006D4F59 /* AppDelegate.swift in Sources */ = {isa = PBXBuildFile; fileRef = E9D0F4632204A2A1006D4F59 /* AppDelegate.swift */; };
		E9D0F4662204A2A1006D4F59 /* FeedVC.swift in Sources */ = {isa = PBXBuildFile; fileRef = E9D0F4652204A2A1006D4F59 /* FeedVC.swift */; };
		E9D0F4682204A2A1006D4F59 /* GroupVC.swift in Sources */ = {isa = PBXBuildFile; fileRef = E9D0F4672204A2A1006D4F59 /* GroupVC.swift */; };
		E9D0F46B2204A2A1006D4F59 /* Main.storyboard in Resources */ = {isa = PBXBuildFile; fileRef = E9D0F4692204A2A1006D4F59 /* Main.storyboard */; };
		E9D0F46D2204A2A4006D4F59 /* Assets.xcassets in Resources */ = {isa = PBXBuildFile; fileRef = E9D0F46C2204A2A4006D4F59 /* Assets.xcassets */; };
		E9D0F4702204A2A4006D4F59 /* LaunchScreen.storyboard in Resources */ = {isa = PBXBuildFile; fileRef = E9D0F46E2204A2A4006D4F59 /* LaunchScreen.storyboard */; };
		E9D0F47D2204A671006D4F59 /* GoogleService-Info.plist in Resources */ = {isa = PBXBuildFile; fileRef = E9D0F47C2204A670006D4F59 /* GoogleService-Info.plist */; };
		E9D0F47F2204C034006D4F59 /* DataService.swift in Sources */ = {isa = PBXBuildFile; fileRef = E9D0F47E2204C034006D4F59 /* DataService.swift */; };
/* End PBXBuildFile section */

/* Begin PBXFileReference section */
		6239557B0D2E84976E6589BA /* Pods_breakpoint.framework */ = {isa = PBXFileReference; explicitFileType = wrapper.framework; includeInIndex = 0; path = Pods_breakpoint.framework; sourceTree = BUILT_PRODUCTS_DIR; };
		6328CD9022051AC50038ECAC /* AuthVC.swift */ = {isa = PBXFileReference; lastKnownFileType = sourcecode.swift; name = AuthVC.swift; path = breakpoint/AuthVC.swift; sourceTree = SOURCE_ROOT; };
		6328CD9222051BB30038ECAC /* LoginVC.swift */ = {isa = PBXFileReference; lastKnownFileType = sourcecode.swift; name = LoginVC.swift; path = breakpoint/LoginVC.swift; sourceTree = SOURCE_ROOT; };
		6328CD9422051C7F0038ECAC /* InsetTextField.swift */ = {isa = PBXFileReference; lastKnownFileType = sourcecode.swift; name = InsetTextField.swift; path = breakpoint/View/InsetTextField.swift; sourceTree = SOURCE_ROOT; };
		6328CD962205A3480038ECAC /* ShadowView.swift */ = {isa = PBXFileReference; lastKnownFileType = sourcecode.swift; name = ShadowView.swift; path = breakpoint/View/ShadowView.swift; sourceTree = SOURCE_ROOT; };
		6328CD9A220664240038ECAC /* AuthService.swift */ = {isa = PBXFileReference; lastKnownFileType = sourcecode.swift; path = AuthService.swift; sourceTree = "<group>"; };
		637A5D83220E7DDF00D2A03B /* UIViewControllerExt.swift */ = {isa = PBXFileReference; lastKnownFileType = sourcecode.swift; path = UIViewControllerExt.swift; sourceTree = "<group>"; };
		9649595D5B9C759F2410D155 /* Pods-breakpoint.release.xcconfig */ = {isa = PBXFileReference; includeInIndex = 1; lastKnownFileType = text.xcconfig; name = "Pods-breakpoint.release.xcconfig"; path = "Pods/Target Support Files/Pods-breakpoint/Pods-breakpoint.release.xcconfig"; sourceTree = "<group>"; };
		AAB0487C6E60571B4567D9B7 /* Pods-breakpoint.debug.xcconfig */ = {isa = PBXFileReference; includeInIndex = 1; lastKnownFileType = text.xcconfig; name = "Pods-breakpoint.debug.xcconfig"; path = "Pods/Target Support Files/Pods-breakpoint/Pods-breakpoint.debug.xcconfig"; sourceTree = "<group>"; };
		E934A594220CA8AE00939630 /* GroupCell.swift */ = {isa = PBXFileReference; lastKnownFileType = sourcecode.swift; name = GroupCell.swift; path = breakpoint/View/GroupCell.swift; sourceTree = SOURCE_ROOT; };
		E934A596220CB1C700939630 /* Group.swift */ = {isa = PBXFileReference; lastKnownFileType = sourcecode.swift; name = Group.swift; path = breakpoint/Model/Group.swift; sourceTree = SOURCE_ROOT; };
		E97637EB2228A905006D461A /* Links */ = {isa = PBXFileReference; lastKnownFileType = text; path = Links; sourceTree = "<group>"; };
		E97637ED2228A942006D461A /* iOS_roadmap_2018.png */ = {isa = PBXFileReference; lastKnownFileType = image.png; path = iOS_roadmap_2018.png; sourceTree = "<group>"; };
		E976C82C220DBC1B0027765F /* GroupFeedCell.swift */ = {isa = PBXFileReference; lastKnownFileType = sourcecode.swift; path = GroupFeedCell.swift; sourceTree = "<group>"; };
		E976C82E220DBCE60027765F /* GroupFeedVC.swift */ = {isa = PBXFileReference; lastKnownFileType = sourcecode.swift; path = GroupFeedVC.swift; sourceTree = "<group>"; };
		E977899F220B44EE007565A7 /* CreateGroupVC.swift */ = {isa = PBXFileReference; lastKnownFileType = sourcecode.swift; path = CreateGroupVC.swift; sourceTree = "<group>"; };
		E97789A1220B6825007565A7 /* UserCell.swift */ = {isa = PBXFileReference; lastKnownFileType = sourcecode.swift; name = UserCell.swift; path = breakpoint/View/UserCell.swift; sourceTree = SOURCE_ROOT; };
		E97D64FC2209BE7C00AD8F7A /* UIViewExt.swift */ = {isa = PBXFileReference; lastKnownFileType = sourcecode.swift; name = UIViewExt.swift; path = breakpoint/Extensions/UIViewExt.swift; sourceTree = SOURCE_ROOT; };
		E97D64FE2209E61400AD8F7A /* FeedCell.swift */ = {isa = PBXFileReference; lastKnownFileType = sourcecode.swift; name = FeedCell.swift; path = breakpoint/View/FeedCell.swift; sourceTree = SOURCE_ROOT; };
		E97D65002209E95600AD8F7A /* Message.swift */ = {isa = PBXFileReference; lastKnownFileType = sourcecode.swift; name = Message.swift; path = breakpoint/Model/Message.swift; sourceTree = SOURCE_ROOT; };
		E99E9D352208A5BC00B618D6 /* MeVC.swift */ = {isa = PBXFileReference; lastKnownFileType = sourcecode.swift; path = MeVC.swift; sourceTree = "<group>"; };
		E99E9D372208CA2400B618D6 /* CreatePostVC.swift */ = {isa = PBXFileReference; lastKnownFileType = sourcecode.swift; path = CreatePostVC.swift; sourceTree = "<group>"; };
		E9D0F4602204A2A1006D4F59 /* breakpoint.app */ = {isa = PBXFileReference; explicitFileType = wrapper.application; includeInIndex = 0; path = breakpoint.app; sourceTree = BUILT_PRODUCTS_DIR; };
		E9D0F4632204A2A1006D4F59 /* AppDelegate.swift */ = {isa = PBXFileReference; lastKnownFileType = sourcecode.swift; path = AppDelegate.swift; sourceTree = "<group>"; };
		E9D0F4652204A2A1006D4F59 /* FeedVC.swift */ = {isa = PBXFileReference; lastKnownFileType = sourcecode.swift; path = FeedVC.swift; sourceTree = "<group>"; };
		E9D0F4672204A2A1006D4F59 /* GroupVC.swift */ = {isa = PBXFileReference; lastKnownFileType = sourcecode.swift; path = GroupVC.swift; sourceTree = "<group>"; };
		E9D0F46A2204A2A1006D4F59 /* Base */ = {isa = PBXFileReference; lastKnownFileType = file.storyboard; name = Base; path = Base.lproj/Main.storyboard; sourceTree = "<group>"; };
		E9D0F46C2204A2A4006D4F59 /* Assets.xcassets */ = {isa = PBXFileReference; lastKnownFileType = folder.assetcatalog; path = Assets.xcassets; sourceTree = "<group>"; };
		E9D0F46F2204A2A4006D4F59 /* Base */ = {isa = PBXFileReference; lastKnownFileType = file.storyboard; name = Base; path = Base.lproj/LaunchScreen.storyboard; sourceTree = "<group>"; };
		E9D0F4712204A2A4006D4F59 /* Info.plist */ = {isa = PBXFileReference; lastKnownFileType = text.plist.xml; path = Info.plist; sourceTree = "<group>"; };
		E9D0F47C2204A670006D4F59 /* GoogleService-Info.plist */ = {isa = PBXFileReference; fileEncoding = 4; lastKnownFileType = text.plist.xml; path = "GoogleService-Info.plist"; sourceTree = "<group>"; };
		E9D0F47E2204C034006D4F59 /* DataService.swift */ = {isa = PBXFileReference; lastKnownFileType = sourcecode.swift; path = DataService.swift; sourceTree = "<group>"; };
/* End PBXFileReference section */

/* Begin PBXFrameworksBuildPhase section */
		E9D0F45D2204A2A1006D4F59 /* Frameworks */ = {
			isa = PBXFrameworksBuildPhase;
			buildActionMask = 2147483647;
			files = (
				9978B4963FD2E43EEB0DDF0F /* Pods_breakpoint.framework in Frameworks */,
			);
			runOnlyForDeploymentPostprocessing = 0;
		};
/* End PBXFrameworksBuildPhase section */

/* Begin PBXGroup section */
		6328CD8C22051A3A0038ECAC /* Controller */ = {
			isa = PBXGroup;
			children = (
				E9D0F4652204A2A1006D4F59 /* FeedVC.swift */,
				E9D0F4672204A2A1006D4F59 /* GroupVC.swift */,
				6328CD9022051AC50038ECAC /* AuthVC.swift */,
				6328CD9222051BB30038ECAC /* LoginVC.swift */,
				E99E9D352208A5BC00B618D6 /* MeVC.swift */,
				E99E9D372208CA2400B618D6 /* CreatePostVC.swift */,
				E977899F220B44EE007565A7 /* CreateGroupVC.swift */,
				E976C82E220DBCE60027765F /* GroupFeedVC.swift */,
			);
			path = Controller;
			sourceTree = "<group>";
		};
		72FAACB637EF50A1EAA6F547 /* Pods */ = {
			isa = PBXGroup;
			children = (
				AAB0487C6E60571B4567D9B7 /* Pods-breakpoint.debug.xcconfig */,
				9649595D5B9C759F2410D155 /* Pods-breakpoint.release.xcconfig */,
			);
			name = Pods;
			sourceTree = "<group>";
		};
		D214DAD0B28D2B4EB5F78788 /* Frameworks */ = {
			isa = PBXGroup;
			children = (
				6239557B0D2E84976E6589BA /* Pods_breakpoint.framework */,
			);
			name = Frameworks;
			sourceTree = "<group>";
		};
		E934A598220CB20C00939630 /* Extensions */ = {
			isa = PBXGroup;
			children = (
				E97D64FC2209BE7C00AD8F7A /* UIViewExt.swift */,
				637A5D83220E7DDF00D2A03B /* UIViewControllerExt.swift */,
			);
			path = Extensions;
			sourceTree = "<group>";
		};
		E934A599220CB21E00939630 /* View */ = {
			isa = PBXGroup;
			children = (
				6328CD9422051C7F0038ECAC /* InsetTextField.swift */,
				6328CD962205A3480038ECAC /* ShadowView.swift */,
				E97D64FE2209E61400AD8F7A /* FeedCell.swift */,
				E97789A1220B6825007565A7 /* UserCell.swift */,
				E934A594220CA8AE00939630 /* GroupCell.swift */,
				E976C82C220DBC1B0027765F /* GroupFeedCell.swift */,
			);
			path = View;
			sourceTree = "<group>";
		};
		E934A59A220CB23C00939630 /* Model */ = {
			isa = PBXGroup;
			children = (
				E97D65002209E95600AD8F7A /* Message.swift */,
				E934A596220CB1C700939630 /* Group.swift */,
			);
			path = Model;
			sourceTree = "<group>";
		};
		E97637EA2228A8D7006D461A /* Learning Resources */ = {
			isa = PBXGroup;
			children = (
				E97637ED2228A942006D461A /* iOS_roadmap_2018.png */,
				E97637EB2228A905006D461A /* Links */,
			);
			path = "Learning Resources";
			sourceTree = "<group>";
		};
		E9D0F4572204A2A1006D4F59 = {
			isa = PBXGroup;
			children = (
				E97637EA2228A8D7006D461A /* Learning Resources */,
				E9D0F4622204A2A1006D4F59 /* breakpoint */,
				E9D0F4612204A2A1006D4F59 /* Products */,
				72FAACB637EF50A1EAA6F547 /* Pods */,
				D214DAD0B28D2B4EB5F78788 /* Frameworks */,
			);
			sourceTree = "<group>";
		};
		E9D0F4612204A2A1006D4F59 /* Products */ = {
			isa = PBXGroup;
			children = (
				E9D0F4602204A2A1006D4F59 /* breakpoint.app */,
			);
			name = Products;
			sourceTree = "<group>";
		};
		E9D0F4622204A2A1006D4F59 /* breakpoint */ = {
			isa = PBXGroup;
			children = (
				E934A59A220CB23C00939630 /* Model */,
				E934A599220CB21E00939630 /* View */,
				E934A598220CB20C00939630 /* Extensions */,
				E9D0F47B2204A4B7006D4F59 /* Services */,
				6328CD8C22051A3A0038ECAC /* Controller */,
				E9D0F4632204A2A1006D4F59 /* AppDelegate.swift */,
				E9D0F4692204A2A1006D4F59 /* Main.storyboard */,
				E9D0F46C2204A2A4006D4F59 /* Assets.xcassets */,
				E9D0F46E2204A2A4006D4F59 /* LaunchScreen.storyboard */,
				E9D0F4712204A2A4006D4F59 /* Info.plist */,
				E9D0F47C2204A670006D4F59 /* GoogleService-Info.plist */,
			);
			path = breakpoint;
			sourceTree = "<group>";
		};
		E9D0F47B2204A4B7006D4F59 /* Services */ = {
			isa = PBXGroup;
			children = (
				6328CD9A220664240038ECAC /* AuthService.swift */,
				E9D0F47E2204C034006D4F59 /* DataService.swift */,
			);
			path = Services;
			sourceTree = "<group>";
		};
/* End PBXGroup section */

/* Begin PBXNativeTarget section */
		E9D0F45F2204A2A1006D4F59 /* breakpoint */ = {
			isa = PBXNativeTarget;
			buildConfigurationList = E9D0F4742204A2A4006D4F59 /* Build configuration list for PBXNativeTarget "breakpoint" */;
			buildPhases = (
				59E429379D0912CEFC9F409E /* [CP] Check Pods Manifest.lock */,
				E9D0F45C2204A2A1006D4F59 /* Sources */,
				E9D0F45D2204A2A1006D4F59 /* Frameworks */,
				E9D0F45E2204A2A1006D4F59 /* Resources */,
				2BE806EF42DE1F30410E72FB /* [CP] Embed Pods Frameworks */,
			);
			buildRules = (
			);
			dependencies = (
			);
			name = breakpoint;
			productName = breakpoint;
			productReference = E9D0F4602204A2A1006D4F59 /* breakpoint.app */;
			productType = "com.apple.product-type.application";
		};
/* End PBXNativeTarget section */

/* Begin PBXProject section */
		E9D0F4582204A2A1006D4F59 /* Project object */ = {
			isa = PBXProject;
			attributes = {
				LastSwiftUpdateCheck = 1000;
				LastUpgradeCheck = 1000;
				ORGANIZATIONNAME = "Dev Core";
				TargetAttributes = {
					E9D0F45F2204A2A1006D4F59 = {
						CreatedOnToolsVersion = 10.0;
					};
				};
			};
			buildConfigurationList = E9D0F45B2204A2A1006D4F59 /* Build configuration list for PBXProject "breakpoint" */;
			compatibilityVersion = "Xcode 9.3";
			developmentRegion = en;
			hasScannedForEncodings = 0;
			knownRegions = (
				en,
				Base,
			);
			mainGroup = E9D0F4572204A2A1006D4F59;
			productRefGroup = E9D0F4612204A2A1006D4F59 /* Products */;
			projectDirPath = "";
			projectRoot = "";
			targets = (
				E9D0F45F2204A2A1006D4F59 /* breakpoint */,
			);
		};
/* End PBXProject section */

/* Begin PBXResourcesBuildPhase section */
		E9D0F45E2204A2A1006D4F59 /* Resources */ = {
			isa = PBXResourcesBuildPhase;
			buildActionMask = 2147483647;
			files = (
				E97637EC2228A905006D461A /* Links in Resources */,
				E9D0F4702204A2A4006D4F59 /* LaunchScreen.storyboard in Resources */,
				E9D0F47D2204A671006D4F59 /* GoogleService-Info.plist in Resources */,
				E9D0F46D2204A2A4006D4F59 /* Assets.xcassets in Resources */,
				E9D0F46B2204A2A1006D4F59 /* Main.storyboard in Resources */,
				E97637EE2228A943006D461A /* iOS_roadmap_2018.png in Resources */,
			);
			runOnlyForDeploymentPostprocessing = 0;
		};
/* End PBXResourcesBuildPhase section */

/* Begin PBXShellScriptBuildPhase section */
		2BE806EF42DE1F30410E72FB /* [CP] Embed Pods Frameworks */ = {
			isa = PBXShellScriptBuildPhase;
			buildActionMask = 2147483647;
			files = (
			);
			inputFileListPaths = (
			);
			inputPaths = (
				"${SRCROOT}/Pods/Target Support Files/Pods-breakpoint/Pods-breakpoint-frameworks.sh",
				"${BUILT_PRODUCTS_DIR}/GTMSessionFetcher/GTMSessionFetcher.framework",
				"${BUILT_PRODUCTS_DIR}/GoogleUtilities/GoogleUtilities.framework",
				"${BUILT_PRODUCTS_DIR}/leveldb-library/leveldb.framework",
				"${BUILT_PRODUCTS_DIR}/nanopb/nanopb.framework",
			);
			name = "[CP] Embed Pods Frameworks";
			outputFileListPaths = (
			);
			outputPaths = (
				"${TARGET_BUILD_DIR}/${FRAMEWORKS_FOLDER_PATH}/GTMSessionFetcher.framework",
				"${TARGET_BUILD_DIR}/${FRAMEWORKS_FOLDER_PATH}/GoogleUtilities.framework",
				"${TARGET_BUILD_DIR}/${FRAMEWORKS_FOLDER_PATH}/leveldb.framework",
				"${TARGET_BUILD_DIR}/${FRAMEWORKS_FOLDER_PATH}/nanopb.framework",
			);
			runOnlyForDeploymentPostprocessing = 0;
			shellPath = /bin/sh;
			shellScript = "\"${SRCROOT}/Pods/Target Support Files/Pods-breakpoint/Pods-breakpoint-frameworks.sh\"\n";
			showEnvVarsInLog = 0;
		};
		59E429379D0912CEFC9F409E /* [CP] Check Pods Manifest.lock */ = {
			isa = PBXShellScriptBuildPhase;
			buildActionMask = 2147483647;
			files = (
			);
			inputFileListPaths = (
			);
			inputPaths = (
				"${PODS_PODFILE_DIR_PATH}/Podfile.lock",
				"${PODS_ROOT}/Manifest.lock",
			);
			name = "[CP] Check Pods Manifest.lock";
			outputFileListPaths = (
			);
			outputPaths = (
				"$(DERIVED_FILE_DIR)/Pods-breakpoint-checkManifestLockResult.txt",
			);
			runOnlyForDeploymentPostprocessing = 0;
			shellPath = /bin/sh;
			shellScript = "diff \"${PODS_PODFILE_DIR_PATH}/Podfile.lock\" \"${PODS_ROOT}/Manifest.lock\" > /dev/null\nif [ $? != 0 ] ; then\n    # print error to STDERR\n    echo \"error: The sandbox is not in sync with the Podfile.lock. Run 'pod install' or update your CocoaPods installation.\" >&2\n    exit 1\nfi\n# This output is used by Xcode 'outputs' to avoid re-running this script phase.\necho \"SUCCESS\" > \"${SCRIPT_OUTPUT_FILE_0}\"\n";
			showEnvVarsInLog = 0;
		};
/* End PBXShellScriptBuildPhase section */

/* Begin PBXSourcesBuildPhase section */
		E9D0F45C2204A2A1006D4F59 /* Sources */ = {
			isa = PBXSourcesBuildPhase;
			buildActionMask = 2147483647;
			files = (
				E97789A0220B44EE007565A7 /* CreateGroupVC.swift in Sources */,
				E97D64FD2209BE7C00AD8F7A /* UIViewExt.swift in Sources */,
				E97D64FF2209E61400AD8F7A /* FeedCell.swift in Sources */,
				E934A595220CA8AE00939630 /* GroupCell.swift in Sources */,
				E99E9D362208A5BC00B618D6 /* MeVC.swift in Sources */,
				637A5D84220E7DE000D2A03B /* UIViewControllerExt.swift in Sources */,
				6328CD9122051AC50038ECAC /* AuthVC.swift in Sources */,
				E976C82F220DBCE60027765F /* GroupFeedVC.swift in Sources */,
				E976C82D220DBC1B0027765F /* GroupFeedCell.swift in Sources */,
				E9D0F47F2204C034006D4F59 /* DataService.swift in Sources */,
				6328CD9322051BB30038ECAC /* LoginVC.swift in Sources */,
				E9D0F4682204A2A1006D4F59 /* GroupVC.swift in Sources */,
				E934A597220CB1C700939630 /* Group.swift in Sources */,
				E97789A2220B6825007565A7 /* UserCell.swift in Sources */,
				6328CD972205A3480038ECAC /* ShadowView.swift in Sources */,
				E9D0F4642204A2A1006D4F59 /* AppDelegate.swift in Sources */,
				E99E9D382208CA2400B618D6 /* CreatePostVC.swift in Sources */,
				6328CD9B2206642E0038ECAC /* AuthService.swift in Sources */,
				6328CD9522051C7F0038ECAC /* InsetTextField.swift in Sources */,
				E9D0F4662204A2A1006D4F59 /* FeedVC.swift in Sources */,
				E97D65012209E95600AD8F7A /* Message.swift in Sources */,
			);
			runOnlyForDeploymentPostprocessing = 0;
		};
/* End PBXSourcesBuildPhase section */

/* Begin PBXVariantGroup section */
		E9D0F4692204A2A1006D4F59 /* Main.storyboard */ = {
			isa = PBXVariantGroup;
			children = (
				E9D0F46A2204A2A1006D4F59 /* Base */,
			);
			name = Main.storyboard;
			sourceTree = "<group>";
		};
		E9D0F46E2204A2A4006D4F59 /* LaunchScreen.storyboard */ = {
			isa = PBXVariantGroup;
			children = (
				E9D0F46F2204A2A4006D4F59 /* Base */,
			);
			name = LaunchScreen.storyboard;
			sourceTree = "<group>";
		};
/* End PBXVariantGroup section */

/* Begin XCBuildConfiguration section */
		E9D0F4722204A2A4006D4F59 /* Debug */ = {
			isa = XCBuildConfiguration;
			buildSettings = {
				ALWAYS_SEARCH_USER_PATHS = NO;
				CLANG_ANALYZER_NONNULL = YES;
				CLANG_ANALYZER_NUMBER_OBJECT_CONVERSION = YES_AGGRESSIVE;
				CLANG_CXX_LANGUAGE_STANDARD = "gnu++14";
				CLANG_CXX_LIBRARY = "libc++";
				CLANG_ENABLE_MODULES = YES;
				CLANG_ENABLE_OBJC_ARC = YES;
				CLANG_ENABLE_OBJC_WEAK = YES;
				CLANG_WARN_BLOCK_CAPTURE_AUTORELEASING = YES;
				CLANG_WARN_BOOL_CONVERSION = YES;
				CLANG_WARN_COMMA = YES;
				CLANG_WARN_CONSTANT_CONVERSION = YES;
				CLANG_WARN_DEPRECATED_OBJC_IMPLEMENTATIONS = YES;
				CLANG_WARN_DIRECT_OBJC_ISA_USAGE = YES_ERROR;
				CLANG_WARN_DOCUMENTATION_COMMENTS = YES;
				CLANG_WARN_EMPTY_BODY = YES;
				CLANG_WARN_ENUM_CONVERSION = YES;
				CLANG_WARN_INFINITE_RECURSION = YES;
				CLANG_WARN_INT_CONVERSION = YES;
				CLANG_WARN_NON_LITERAL_NULL_CONVERSION = YES;
				CLANG_WARN_OBJC_IMPLICIT_RETAIN_SELF = YES;
				CLANG_WARN_OBJC_LITERAL_CONVERSION = YES;
				CLANG_WARN_OBJC_ROOT_CLASS = YES_ERROR;
				CLANG_WARN_RANGE_LOOP_ANALYSIS = YES;
				CLANG_WARN_STRICT_PROTOTYPES = YES;
				CLANG_WARN_SUSPICIOUS_MOVE = YES;
				CLANG_WARN_UNGUARDED_AVAILABILITY = YES_AGGRESSIVE;
				CLANG_WARN_UNREACHABLE_CODE = YES;
				CLANG_WARN__DUPLICATE_METHOD_MATCH = YES;
				CODE_SIGN_IDENTITY = "iPhone Developer";
				COPY_PHASE_STRIP = NO;
				DEBUG_INFORMATION_FORMAT = dwarf;
				ENABLE_STRICT_OBJC_MSGSEND = YES;
				ENABLE_TESTABILITY = YES;
				GCC_C_LANGUAGE_STANDARD = gnu11;
				GCC_DYNAMIC_NO_PIC = NO;
				GCC_NO_COMMON_BLOCKS = YES;
				GCC_OPTIMIZATION_LEVEL = 0;
				GCC_PREPROCESSOR_DEFINITIONS = (
					"DEBUG=1",
					"$(inherited)",
				);
				GCC_WARN_64_TO_32_BIT_CONVERSION = YES;
				GCC_WARN_ABOUT_RETURN_TYPE = YES_ERROR;
				GCC_WARN_UNDECLARED_SELECTOR = YES;
				GCC_WARN_UNINITIALIZED_AUTOS = YES_AGGRESSIVE;
				GCC_WARN_UNUSED_FUNCTION = YES;
				GCC_WARN_UNUSED_VARIABLE = YES;
				IPHONEOS_DEPLOYMENT_TARGET = 12.0;
				MTL_ENABLE_DEBUG_INFO = INCLUDE_SOURCE;
				MTL_FAST_MATH = YES;
				ONLY_ACTIVE_ARCH = YES;
				SDKROOT = iphoneos;
				SWIFT_ACTIVE_COMPILATION_CONDITIONS = DEBUG;
				SWIFT_OPTIMIZATION_LEVEL = "-Onone";
			};
			name = Debug;
		};
		E9D0F4732204A2A4006D4F59 /* Release */ = {
			isa = XCBuildConfiguration;
			buildSettings = {
				ALWAYS_SEARCH_USER_PATHS = NO;
				CLANG_ANALYZER_NONNULL = YES;
				CLANG_ANALYZER_NUMBER_OBJECT_CONVERSION = YES_AGGRESSIVE;
				CLANG_CXX_LANGUAGE_STANDARD = "gnu++14";
				CLANG_CXX_LIBRARY = "libc++";
				CLANG_ENABLE_MODULES = YES;
				CLANG_ENABLE_OBJC_ARC = YES;
				CLANG_ENABLE_OBJC_WEAK = YES;
				CLANG_WARN_BLOCK_CAPTURE_AUTORELEASING = YES;
				CLANG_WARN_BOOL_CONVERSION = YES;
				CLANG_WARN_COMMA = YES;
				CLANG_WARN_CONSTANT_CONVERSION = YES;
				CLANG_WARN_DEPRECATED_OBJC_IMPLEMENTATIONS = YES;
				CLANG_WARN_DIRECT_OBJC_ISA_USAGE = YES_ERROR;
				CLANG_WARN_DOCUMENTATION_COMMENTS = YES;
				CLANG_WARN_EMPTY_BODY = YES;
				CLANG_WARN_ENUM_CONVERSION = YES;
				CLANG_WARN_INFINITE_RECURSION = YES;
				CLANG_WARN_INT_CONVERSION = YES;
				CLANG_WARN_NON_LITERAL_NULL_CONVERSION = YES;
				CLANG_WARN_OBJC_IMPLICIT_RETAIN_SELF = YES;
				CLANG_WARN_OBJC_LITERAL_CONVERSION = YES;
				CLANG_WARN_OBJC_ROOT_CLASS = YES_ERROR;
				CLANG_WARN_RANGE_LOOP_ANALYSIS = YES;
				CLANG_WARN_STRICT_PROTOTYPES = YES;
				CLANG_WARN_SUSPICIOUS_MOVE = YES;
				CLANG_WARN_UNGUARDED_AVAILABILITY = YES_AGGRESSIVE;
				CLANG_WARN_UNREACHABLE_CODE = YES;
				CLANG_WARN__DUPLICATE_METHOD_MATCH = YES;
				CODE_SIGN_IDENTITY = "iPhone Developer";
				COPY_PHASE_STRIP = NO;
				DEBUG_INFORMATION_FORMAT = "dwarf-with-dsym";
				ENABLE_NS_ASSERTIONS = NO;
				ENABLE_STRICT_OBJC_MSGSEND = YES;
				GCC_C_LANGUAGE_STANDARD = gnu11;
				GCC_NO_COMMON_BLOCKS = YES;
				GCC_WARN_64_TO_32_BIT_CONVERSION = YES;
				GCC_WARN_ABOUT_RETURN_TYPE = YES_ERROR;
				GCC_WARN_UNDECLARED_SELECTOR = YES;
				GCC_WARN_UNINITIALIZED_AUTOS = YES_AGGRESSIVE;
				GCC_WARN_UNUSED_FUNCTION = YES;
				GCC_WARN_UNUSED_VARIABLE = YES;
				IPHONEOS_DEPLOYMENT_TARGET = 12.0;
				MTL_ENABLE_DEBUG_INFO = NO;
				MTL_FAST_MATH = YES;
				SDKROOT = iphoneos;
				SWIFT_COMPILATION_MODE = wholemodule;
				SWIFT_OPTIMIZATION_LEVEL = "-O";
				VALIDATE_PRODUCT = YES;
			};
			name = Release;
		};
		E9D0F4752204A2A4006D4F59 /* Debug */ = {
			isa = XCBuildConfiguration;
			baseConfigurationReference = AAB0487C6E60571B4567D9B7 /* Pods-breakpoint.debug.xcconfig */;
			buildSettings = {
				ASSETCATALOG_COMPILER_APPICON_NAME = AppIcon;
				CODE_SIGN_STYLE = Automatic;
				INFOPLIST_FILE = breakpoint/Info.plist;
				LD_RUNPATH_SEARCH_PATHS = (
					"$(inherited)",
					"@executable_path/Frameworks",
				);
				PRODUCT_BUNDLE_IDENTIFIER = com.devcorerd.breakpoint;
				PRODUCT_NAME = "$(TARGET_NAME)";
				SWIFT_VERSION = 4.2;
				TARGETED_DEVICE_FAMILY = "1,2";
			};
			name = Debug;
		};
		E9D0F4762204A2A4006D4F59 /* Release */ = {
			isa = XCBuildConfiguration;
			baseConfigurationReference = 9649595D5B9C759F2410D155 /* Pods-breakpoint.release.xcconfig */;
			buildSettings = {
				ASSETCATALOG_COMPILER_APPICON_NAME = AppIcon;
				CODE_SIGN_STYLE = Automatic;
				INFOPLIST_FILE = breakpoint/Info.plist;
				LD_RUNPATH_SEARCH_PATHS = (
					"$(inherited)",
					"@executable_path/Frameworks",
				);
				PRODUCT_BUNDLE_IDENTIFIER = com.devcorerd.breakpoint;
				PRODUCT_NAME = "$(TARGET_NAME)";
				SWIFT_VERSION = 4.2;
				TARGETED_DEVICE_FAMILY = "1,2";
			};
			name = Release;
		};
/* End XCBuildConfiguration section */

/* Begin XCConfigurationList section */
		E9D0F45B2204A2A1006D4F59 /* Build configuration list for PBXProject "breakpoint" */ = {
			isa = XCConfigurationList;
			buildConfigurations = (
				E9D0F4722204A2A4006D4F59 /* Debug */,
				E9D0F4732204A2A4006D4F59 /* Release */,
			);
			defaultConfigurationIsVisible = 0;
			defaultConfigurationName = Release;
		};
		E9D0F4742204A2A4006D4F59 /* Build configuration list for PBXNativeTarget "breakpoint" */ = {
			isa = XCConfigurationList;
			buildConfigurations = (
				E9D0F4752204A2A4006D4F59 /* Debug */,
				E9D0F4762204A2A4006D4F59 /* Release */,
			);
			defaultConfigurationIsVisible = 0;
			defaultConfigurationName = Release;
		};
/* End XCConfigurationList section */
	};
	rootObject = E9D0F4582204A2A1006D4F59 /* Project object */;
}
